
Microsoft Visual Studio Solution File, Format Version 12.00
# Visual Studio Version 17
VisualStudioVersion = 17.0.32126.317
MinimumVisualStudioVersion = 10.0.40219.1
Project("{FAE04EC0-301F-11D3-BF4B-00C04F79EFBC}") = "WindowsFormsApp1", "WindowsFormsApp1\WindowsFormsApp1.csproj", "{F5C935E6-2318-4091-A3D1-C41C59F29DCB}"
EndProject
Global
	GlobalSection(SolutionConfigurationPlatforms) = preSolution
		Debug|Any CPU = Debug|Any CPU
		Release|Any CPU = Release|Any CPU
	EndGlobalSection
	GlobalSection(ProjectConfigurationPlatforms) = postSolution
		{F5C935E6-2318-4091-A3D1-C41C59F29DCB}.Debug|Any CPU.ActiveCfg = Debug|Any CPU
		{F5C935E6-2318-4091-A3D1-C41C59F29DCB}.Debug|Any CPU.Build.0 = Debug|Any CPU
		{F5C935E6-2318-4091-A3D1-C41C59F29DCB}.Release|Any CPU.ActiveCfg = Debug|Any CPU
		{F5C935E6-2318-4091-A3D1-C41C59F29DCB}.Release|Any CPU.Build.0 = Debug|Any CPU
	EndGlobalSection
	GlobalSection(SolutionProperties) = preSolution
		HideSolutionNode = FALSE
	EndGlobalSection
	GlobalSection(ExtensibilityGlobals) = postSolution
		SolutionGuid = {885D6BCC-3AEC-4F9C-953D-D911C4626045}
	EndGlobalSection
EndGlobal
